{
  "version": 4,
  "terraform_version": "1.11.1",
  "serial": 9,
  "lineage": "e4ca5835-05a3-7968-10ba-996cbdb01b4c",
  "outputs": {
    "cluster_endpoint": {
      "value": "34.101.64.112",
      "type": "string"
    },
    "cluster_name": {
      "value": "angga-suriana-gke-cluster",
      "type": "string"
    },
    "gke_access_token": {
      "value": "ya29.a0AeXRPp5hj63gSb7l2HMNJQZfYJNlhoPCQkZG7EWTsBGMw5-1ojgOBI7oCAwL3uN8BtbbfZgwKfqnpVAvWXBq8xKfOnTHGdnEiy6m88fJRn4hVcbjIYDuzUj7Jd2r7NDwnMUt7r7fpandJN09FtgUw71ftf4eDupj04ugUdSv5QaCgYKAfASARISFQHGX2MiIbBQ759yhCXjpV_Uf129dg0177",
      "type": "string",
      "sensitive": true
    },
    "gke_cluster_ca_certificate": {
      "value": "LS0tLS1CRUdJTiBDRVJUSUZJQ0FURS0tLS0tCk1JSUVMVENDQXBXZ0F3SUJBZ0lSQVBVWjRNbEdvNk9KMDdHRC9Mb3Bzall3RFFZSktvWklodmNOQVFFTEJRQXcKTHpFdE1Dc0dBMVVFQXhNa05UbGpPV014WWpZdE9ETmhOaTAwT0dNMExUZ3dNV1l0WVRJMU5EWTNOREE1WlRGbApNQ0FYRFRJMU1ETXhNVEE0TlRZd09Gb1lEekl3TlRVd016QTBNRGsxTmpBNFdqQXZNUzB3S3dZRFZRUURFeVExCk9XTTVZekZpTmkwNE0yRTJMVFE0WXpRdE9EQXhaaTFoTWpVME5qYzBNRGxsTVdVd2dnR2lNQTBHQ1NxR1NJYjMKRFFFQkFRVUFBNElCandBd2dnR0tBb0lCZ1FDcytzamdtb3d5RzRobXViVEU1bW1GR1d1ODg3QWZaVXZnS0dReQpjWC9BUEp5K0U1WGtiVnhOWG9TbzFhY0QzZW9ZbFdod0hmeXNUajR0bzhHeUN5SnRzelVabzFWL3Z4UWU5THBxCk5mdmNXWUs4ckRUMTdvWnQ0TXpYcUt3V0NYajFUc3Z1ZWFkcVNIZU9YanNMQmRneDhoZmZrdTRzUFRQS2UwU2cKdnljUk15RGhFbElOVUladWx4UTIwNDVBU0h6WUMwRm9JMFVjV0R3ZE5tOG5xVVpEMllZWUpQelZWUk4xMk5vUwo0SEpKZVhzUlprZDZoZi8yS3hOWVBIUklUM2hlNHVnOVIwN1RFSVhUUHJaZkVYbGtuU1llditzTXp4MDgyMzFmCk8zN3Jrdjg1TmkvdU9ub050ZFIyb0Z1VnFHV0JCU3lzbkh5UGRpV3RmQ2JKaGxPVHFxcFBzTDYySFE1eDdRb0gKclk4eFV4dVhTNTBDaUVyQjhEdHUyN2NKVllNS0VQajZFYVVnWHhYRW5kVExqM1lVZUoycnhMcXhydVNSbitjSQo1ZTZTdVVTeW9XVnpoRUR3VzczMXA0eDJHWk5BTXNsNGxaL2RmbmxjNFBvTlI2bldJNDF5Mnhtemw4VFRxZVhhCmRuWVNsYUwvdHZOUjBVWllYZzZBRkt0VktIOENBd0VBQWFOQ01FQXdEZ1lEVlIwUEFRSC9CQVFEQWdJRU1BOEcKQTFVZEV3RUIvd1FGTUFNQkFmOHdIUVlEVlIwT0JCWUVGS2w5TlRSZjZmUWRxUjBTMDg5UXhPUVlnTDdNTUEwRwpDU3FHU0liM0RRRUJDd1VBQTRJQmdRQjBGVGxlV1lhMXZBam5NTG5nRTVhY3hMMm5rNmYzRVpZUE83d29MV1hyClNPRjE0SVpCVGlSVlpwUDh5aVdvWklpaE9HWXdpekVYOE1VV3dhQXM0N3RlY1N3UXFJV1ducTdjNnlCL1RHU08KK1RMOE5MYVVLQzFxQlErcTVGUVRUakIvUEU0dC82NCtSUC9QMjA2cDVCQlg3UFR3aUl5NVlHbmtUL1RsMGI1YwppQ1FETmd3ZER0Z05SLzF4ajVYSDhBUkFOTS9tT2ZHQjIvbTdyRUp5N01rTFR6Tnl4UDRXK0QxaWtxSmUvZm50CjlhU05pb2NzaGNXNXFOM2J3bjlkbitBRy85OW9WNlhHdkF2eE13Zjh6ekxVQ09jS3BHMm05UTBacXU0YUV6RjgKL3NvSWhBVzJDME5OSk43SjE4UXc3dlpPQUx1eXB0eWV5RzNUZTVmckZFMlRINHNRNnVCTkdWRG5tbVZIOXRwQwpGaDg2UHFwZ3IxVldZQVpoRlN4dEZlVGVzS3ZHOVJSMnhLei9qR3pJcndSaS9WcmVEU3V3YXhpYTBpUW5xWnhaClpxaXVjVFRxRERZVytIbmduNGtBcnk0YXJKVUJCaGZjcnQ3MW9RblBONDhjUDRBSVdONmpGeGxhdW5LbWh1WTkKMnp3c0t2UGV3azNyVUZGcjZkRk5MbUE9Ci0tLS0tRU5EIENFUlRJRklDQVRFLS0tLS0K",
      "type": "string"
    },
    "gke_cluster_endpoint": {
      "value": "34.101.64.112",
      "type": "string"
    }
  },
  "resources": [
    {
      "mode": "data",
      "type": "google_client_config",
      "name": "default",
      "provider": "provider[\"registry.terraform.io/hashicorp/google\"]",
      "instances": [
        {
          "schema_version": 0,
          "attributes": {
            "access_token": "ya29.a0AeXRPp5hj63gSb7l2HMNJQZfYJNlhoPCQkZG7EWTsBGMw5-1ojgOBI7oCAwL3uN8BtbbfZgwKfqnpVAvWXBq8xKfOnTHGdnEiy6m88fJRn4hVcbjIYDuzUj7Jd2r7NDwnMUt7r7fpandJN09FtgUw71ftf4eDupj04ugUdSv5QaCgYKAfASARISFQHGX2MiIbBQ759yhCXjpV_Uf129dg0177",
            "default_labels": {},
            "id": "projects/cloudtest5-453217/regions/asia-southeast2/zones/",
            "project": "cloudtest5-453217",
            "region": "asia-southeast2",
            "zone": ""
          },
          "sensitive_attributes": [
            [
              {
                "type": "get_attr",
                "value": "access_token"
              }
            ]
          ]
        }
      ]
    },
    {
      "mode": "managed",
      "type": "google_compute_network",
      "name": "angga_suriana_vpc",
      "provider": "provider[\"registry.terraform.io/hashicorp/google\"]",
      "instances": [
        {
          "schema_version": 0,
          "attributes": {
            "auto_create_subnetworks": false,
            "bgp_always_compare_med": false,
            "bgp_best_path_selection_mode": "LEGACY",
            "bgp_inter_region_cost": "",
            "delete_default_routes_on_create": false,
            "description": "",
            "enable_ula_internal_ipv6": false,
            "gateway_ipv4": "",
            "id": "projects/cloudtest5-453217/global/networks/angga-suriana-vpc",
            "internal_ipv6_range": "",
            "mtu": 0,
            "name": "angga-suriana-vpc",
            "network_firewall_policy_enforcement_order": "AFTER_CLASSIC_FIREWALL",
            "network_id": "2866880906436392572",
            "network_profile": "",
            "numeric_id": "2866880906436392572",
            "project": "cloudtest5-453217",
            "routing_mode": "REGIONAL",
            "self_link": "https://www.googleapis.com/compute/v1/projects/cloudtest5-453217/global/networks/angga-suriana-vpc",
            "timeouts": null
          },
          "sensitive_attributes": [],
          "private": "eyJlMmJmYjczMC1lY2FhLTExZTYtOGY4OC0zNDM2M2JjN2M0YzAiOnsiY3JlYXRlIjoxMjAwMDAwMDAwMDAwLCJkZWxldGUiOjEyMDAwMDAwMDAwMDAsInVwZGF0ZSI6MTIwMDAwMDAwMDAwMH19"
        }
      ]
    },
    {
      "mode": "managed",
      "type": "google_compute_subnetwork",
      "name": "angga_suriana_subnet",
      "provider": "provider[\"registry.terraform.io/hashicorp/google\"]",
      "instances": [
        {
          "schema_version": 0,
          "attributes": {
            "creation_timestamp": "2025-03-11T02:55:45.546-07:00",
            "description": "",
            "external_ipv6_prefix": "",
            "fingerprint": null,
            "gateway_address": "10.20.0.1",
            "id": "projects/cloudtest5-453217/regions/asia-southeast2/subnetworks/angga-suriana-subnet",
            "internal_ipv6_prefix": "",
            "ip_cidr_range": "10.20.0.0/20",
            "ipv6_access_type": "",
            "ipv6_cidr_range": "",
            "log_config": [],
            "name": "angga-suriana-subnet",
            "network": "https://www.googleapis.com/compute/v1/projects/cloudtest5-453217/global/networks/angga-suriana-vpc",
            "private_ip_google_access": true,
            "private_ipv6_google_access": "DISABLE_GOOGLE_ACCESS",
            "project": "cloudtest5-453217",
            "purpose": "PRIVATE",
            "region": "asia-southeast2",
            "reserved_internal_range": "",
            "role": "",
            "secondary_ip_range": [
              {
                "ip_cidr_range": "10.164.0.0/14",
                "range_name": "gke-angga-suriana-gke-cluster-pods-b7fc855d",
                "reserved_internal_range": "https://networkconnectivity.googleapis.com/v1/projects/cloudtest5-453217/locations/global/internalRanges/gke-angga-suriana-gke-cluster-pods-b7fc855d"
              }
            ],
            "self_link": "https://www.googleapis.com/compute/v1/projects/cloudtest5-453217/regions/asia-southeast2/subnetworks/angga-suriana-subnet",
            "send_secondary_ip_range_if_empty": null,
            "stack_type": "IPV4_ONLY",
            "subnetwork_id": 1154048644576294478,
            "timeouts": null
          },
          "sensitive_attributes": [],
          "private": "eyJlMmJmYjczMC1lY2FhLTExZTYtOGY4OC0zNDM2M2JjN2M0YzAiOnsiY3JlYXRlIjoxMjAwMDAwMDAwMDAwLCJkZWxldGUiOjEyMDAwMDAwMDAwMDAsInVwZGF0ZSI6MTIwMDAwMDAwMDAwMH19",
          "dependencies": [
            "google_compute_network.angga_suriana_vpc"
          ]
        }
      ]
    },
    {
      "mode": "managed",
      "type": "google_container_cluster",
      "name": "angga_suriana_gke_cluster",
      "provider": "provider[\"registry.terraform.io/hashicorp/google\"]",
      "instances": [
        {
          "schema_version": 2,
          "attributes": {
            "addons_config": [
              {
                "cloudrun_config": [],
                "config_connector_config": [],
                "dns_cache_config": [],
                "gce_persistent_disk_csi_driver_config": [
                  {
                    "enabled": true
                  }
                ],
                "gcp_filestore_csi_driver_config": [],
                "gcs_fuse_csi_driver_config": [],
                "gke_backup_agent_config": [],
                "horizontal_pod_autoscaling": [],
                "http_load_balancing": [],
                "network_policy_config": [
                  {
                    "disabled": true
                  }
                ],
                "parallelstore_csi_driver_config": [],
                "ray_operator_config": [],
                "stateful_ha_config": []
              }
            ],
            "allow_net_admin": null,
            "authenticator_groups_config": [],
            "binary_authorization": [
              {
                "enabled": false,
                "evaluation_mode": ""
              }
            ],
            "cluster_autoscaling": [
              {
                "auto_provisioning_defaults": [],
                "auto_provisioning_locations": [],
                "autoscaling_profile": "BALANCED",
                "enabled": false,
                "resource_limits": []
              }
            ],
            "cluster_ipv4_cidr": "10.164.0.0/14",
            "confidential_nodes": [],
            "control_plane_endpoints_config": [
              {
                "dns_endpoint_config": [
                  {
                    "allow_external_traffic": false,
                    "endpoint": "gke-b7fc855d5d994987b46d9c096fcf5eea72f9-85695459759.asia-southeast2-a.gke.goog"
                  }
                ]
              }
            ],
            "cost_management_config": [],
            "database_encryption": [
              {
                "key_name": "",
                "state": "DECRYPTED"
              }
            ],
            "datapath_provider": "",
            "default_max_pods_per_node": 110,
            "default_snat_status": [
              {
                "disabled": false
              }
            ],
            "deletion_protection": false,
            "description": "",
            "dns_config": [],
            "effective_labels": {
              "goog-terraform-provisioned": "true"
            },
            "enable_autopilot": false,
            "enable_cilium_clusterwide_network_policy": false,
            "enable_fqdn_network_policy": false,
            "enable_intranode_visibility": false,
            "enable_k8s_beta_apis": [],
            "enable_kubernetes_alpha": false,
            "enable_l4_ilb_subsetting": false,
            "enable_legacy_abac": false,
            "enable_multi_networking": false,
            "enable_shielded_nodes": true,
            "enable_tpu": false,
            "endpoint": "34.101.64.112",
            "enterprise_config": [
              {
                "cluster_tier": "STANDARD",
                "desired_tier": ""
              }
            ],
            "fleet": [],
            "gateway_api_config": [],
            "id": "projects/cloudtest5-453217/locations/asia-southeast2-a/clusters/angga-suriana-gke-cluster",
            "identity_service_config": [],
            "initial_node_count": 1,
            "ip_allocation_policy": [
              {
                "additional_pod_ranges_config": [],
                "cluster_ipv4_cidr_block": "10.164.0.0/14",
                "cluster_secondary_range_name": "gke-angga-suriana-gke-cluster-pods-b7fc855d",
                "pod_cidr_overprovision_config": [
                  {
                    "disabled": false
                  }
                ],
                "services_ipv4_cidr_block": "34.118.224.0/20",
                "services_secondary_range_name": "",
                "stack_type": "IPV4"
              }
            ],
            "label_fingerprint": "78cdf2f6",
            "location": "asia-southeast2-a",
            "logging_config": [
              {
                "enable_components": []
              }
            ],
            "logging_service": "none",
            "maintenance_policy": [],
            "master_auth": [
              {
                "client_certificate": "",
                "client_certificate_config": [
                  {
                    "issue_client_certificate": false
                  }
                ],
                "client_key": "",
                "cluster_ca_certificate": "LS0tLS1CRUdJTiBDRVJUSUZJQ0FURS0tLS0tCk1JSUVMVENDQXBXZ0F3SUJBZ0lSQVBVWjRNbEdvNk9KMDdHRC9Mb3Bzall3RFFZSktvWklodmNOQVFFTEJRQXcKTHpFdE1Dc0dBMVVFQXhNa05UbGpPV014WWpZdE9ETmhOaTAwT0dNMExUZ3dNV1l0WVRJMU5EWTNOREE1WlRGbApNQ0FYRFRJMU1ETXhNVEE0TlRZd09Gb1lEekl3TlRVd016QTBNRGsxTmpBNFdqQXZNUzB3S3dZRFZRUURFeVExCk9XTTVZekZpTmkwNE0yRTJMVFE0WXpRdE9EQXhaaTFoTWpVME5qYzBNRGxsTVdVd2dnR2lNQTBHQ1NxR1NJYjMKRFFFQkFRVUFBNElCandBd2dnR0tBb0lCZ1FDcytzamdtb3d5RzRobXViVEU1bW1GR1d1ODg3QWZaVXZnS0dReQpjWC9BUEp5K0U1WGtiVnhOWG9TbzFhY0QzZW9ZbFdod0hmeXNUajR0bzhHeUN5SnRzelVabzFWL3Z4UWU5THBxCk5mdmNXWUs4ckRUMTdvWnQ0TXpYcUt3V0NYajFUc3Z1ZWFkcVNIZU9YanNMQmRneDhoZmZrdTRzUFRQS2UwU2cKdnljUk15RGhFbElOVUladWx4UTIwNDVBU0h6WUMwRm9JMFVjV0R3ZE5tOG5xVVpEMllZWUpQelZWUk4xMk5vUwo0SEpKZVhzUlprZDZoZi8yS3hOWVBIUklUM2hlNHVnOVIwN1RFSVhUUHJaZkVYbGtuU1llditzTXp4MDgyMzFmCk8zN3Jrdjg1TmkvdU9ub050ZFIyb0Z1VnFHV0JCU3lzbkh5UGRpV3RmQ2JKaGxPVHFxcFBzTDYySFE1eDdRb0gKclk4eFV4dVhTNTBDaUVyQjhEdHUyN2NKVllNS0VQajZFYVVnWHhYRW5kVExqM1lVZUoycnhMcXhydVNSbitjSQo1ZTZTdVVTeW9XVnpoRUR3VzczMXA0eDJHWk5BTXNsNGxaL2RmbmxjNFBvTlI2bldJNDF5Mnhtemw4VFRxZVhhCmRuWVNsYUwvdHZOUjBVWllYZzZBRkt0VktIOENBd0VBQWFOQ01FQXdEZ1lEVlIwUEFRSC9CQVFEQWdJRU1BOEcKQTFVZEV3RUIvd1FGTUFNQkFmOHdIUVlEVlIwT0JCWUVGS2w5TlRSZjZmUWRxUjBTMDg5UXhPUVlnTDdNTUEwRwpDU3FHU0liM0RRRUJDd1VBQTRJQmdRQjBGVGxlV1lhMXZBam5NTG5nRTVhY3hMMm5rNmYzRVpZUE83d29MV1hyClNPRjE0SVpCVGlSVlpwUDh5aVdvWklpaE9HWXdpekVYOE1VV3dhQXM0N3RlY1N3UXFJV1ducTdjNnlCL1RHU08KK1RMOE5MYVVLQzFxQlErcTVGUVRUakIvUEU0dC82NCtSUC9QMjA2cDVCQlg3UFR3aUl5NVlHbmtUL1RsMGI1YwppQ1FETmd3ZER0Z05SLzF4ajVYSDhBUkFOTS9tT2ZHQjIvbTdyRUp5N01rTFR6Tnl4UDRXK0QxaWtxSmUvZm50CjlhU05pb2NzaGNXNXFOM2J3bjlkbitBRy85OW9WNlhHdkF2eE13Zjh6ekxVQ09jS3BHMm05UTBacXU0YUV6RjgKL3NvSWhBVzJDME5OSk43SjE4UXc3dlpPQUx1eXB0eWV5RzNUZTVmckZFMlRINHNRNnVCTkdWRG5tbVZIOXRwQwpGaDg2UHFwZ3IxVldZQVpoRlN4dEZlVGVzS3ZHOVJSMnhLei9qR3pJcndSaS9WcmVEU3V3YXhpYTBpUW5xWnhaClpxaXVjVFRxRERZVytIbmduNGtBcnk0YXJKVUJCaGZjcnQ3MW9RblBONDhjUDRBSVdONmpGeGxhdW5LbWh1WTkKMnp3c0t2UGV3azNyVUZGcjZkRk5MbUE9Ci0tLS0tRU5EIENFUlRJRklDQVRFLS0tLS0K"
              }
            ],
            "master_authorized_networks_config": [],
            "master_version": "1.31.5-gke.1233000",
            "mesh_certificates": [],
            "min_master_version": null,
            "monitoring_config": [
              {
                "advanced_datapath_observability_config": [
                  {
                    "enable_metrics": false,
                    "enable_relay": false
                  }
                ],
                "enable_components": [
                  "SYSTEM_COMPONENTS",
                  "STATEFULSET",
                  "STORAGE",
                  "HPA",
                  "POD",
                  "DAEMONSET",
                  "DEPLOYMENT",
                  "CADVISOR",
                  "KUBELET"
                ],
                "managed_prometheus": [
                  {
                    "enabled": true
                  }
                ]
              }
            ],
            "monitoring_service": "monitoring.googleapis.com/kubernetes",
            "name": "angga-suriana-gke-cluster",
            "network": "projects/cloudtest5-453217/global/networks/angga-suriana-vpc",
            "network_policy": [
              {
                "enabled": false,
                "provider": "PROVIDER_UNSPECIFIED"
              }
            ],
            "networking_mode": "VPC_NATIVE",
            "node_config": [],
            "node_locations": [],
            "node_pool": [],
            "node_pool_auto_config": [],
            "node_pool_defaults": [
              {
                "node_config_defaults": [
                  {
                    "containerd_config": [],
                    "gcfs_config": [],
                    "insecure_kubelet_readonly_port_enabled": "FALSE",
                    "logging_variant": "DEFAULT"
                  }
                ]
              }
            ],
            "node_version": "1.31.5-gke.1233000",
            "notification_config": [
              {
                "pubsub": [
                  {
                    "enabled": false,
                    "filter": [],
                    "topic": ""
                  }
                ]
              }
            ],
            "operation": null,
            "private_cluster_config": [
              {
                "enable_private_endpoint": false,
                "enable_private_nodes": false,
                "master_global_access_config": [
                  {
                    "enabled": false
                  }
                ],
                "master_ipv4_cidr_block": "",
                "peering_name": "",
                "private_endpoint": "10.20.0.2",
                "private_endpoint_subnetwork": "",
                "public_endpoint": "34.101.64.112"
              }
            ],
            "private_ipv6_google_access": "",
            "project": "cloudtest5-453217",
            "release_channel": [
              {
                "channel": "REGULAR"
              }
            ],
            "remove_default_node_pool": true,
            "resource_labels": {},
            "resource_usage_export_config": [],
            "secret_manager_config": [
              {
                "enabled": false
              }
            ],
            "security_posture_config": [
              {
                "mode": "BASIC",
                "vulnerability_mode": "VULNERABILITY_MODE_UNSPECIFIED"
              }
            ],
            "self_link": "https://container.googleapis.com/v1/projects/cloudtest5-453217/zones/asia-southeast2-a/clusters/angga-suriana-gke-cluster",
            "service_external_ips_config": [
              {
                "enabled": false
              }
            ],
            "services_ipv4_cidr": "34.118.224.0/20",
            "subnetwork": "projects/cloudtest5-453217/regions/asia-southeast2/subnetworks/angga-suriana-subnet",
            "terraform_labels": {
              "goog-terraform-provisioned": "true"
            },
            "timeouts": null,
            "tpu_ipv4_cidr_block": "",
            "user_managed_keys_config": [],
            "vertical_pod_autoscaling": [],
            "workload_identity_config": []
          },
          "sensitive_attributes": [
            [
              {
                "type": "get_attr",
                "value": "master_auth"
              },
              {
                "type": "index",
                "value": {
                  "value": 0,
                  "type": "number"
                }
              },
              {
                "type": "get_attr",
                "value": "client_key"
              }
            ]
          ],
          "private": "eyJlMmJmYjczMC1lY2FhLTExZTYtOGY4OC0zNDM2M2JjN2M0YzAiOnsiY3JlYXRlIjoyNDAwMDAwMDAwMDAwLCJkZWxldGUiOjI0MDAwMDAwMDAwMDAsInJlYWQiOjI0MDAwMDAwMDAwMDAsInVwZGF0ZSI6MzYwMDAwMDAwMDAwMH0sInNjaGVtYV92ZXJzaW9uIjoiMiJ9",
          "dependencies": [
            "google_compute_network.angga_suriana_vpc",
            "google_compute_subnetwork.angga_suriana_subnet"
          ]
        }
      ]
    },
    {
      "mode": "managed",
      "type": "google_container_node_pool",
      "name": "angga_suriana_gke_node_pool",
      "provider": "provider[\"registry.terraform.io/hashicorp/google\"]",
      "instances": [
        {
          "schema_version": 1,
          "attributes": {
            "autoscaling": [],
            "cluster": "projects/cloudtest5-453217/locations/asia-southeast2-a/clusters/angga-suriana-gke-cluster",
            "id": "projects/cloudtest5-453217/locations/asia-southeast2-a/clusters/angga-suriana-gke-cluster/nodePools/angga-suriana-node-pool",
            "initial_node_count": 2,
            "instance_group_urls": [
              "https://www.googleapis.com/compute/v1/projects/cloudtest5-453217/zones/asia-southeast2-a/instanceGroupManagers/gke-angga-suriana-gk-angga-suriana-no-4cfbb09b-grp"
            ],
            "location": "asia-southeast2-a",
            "managed_instance_group_urls": [
              "https://www.googleapis.com/compute/v1/projects/cloudtest5-453217/zones/asia-southeast2-a/instanceGroups/gke-angga-suriana-gk-angga-suriana-no-4cfbb09b-grp"
            ],
            "management": [
              {
                "auto_repair": true,
                "auto_upgrade": true
              }
            ],
            "max_pods_per_node": 110,
            "name": "angga-suriana-node-pool",
            "name_prefix": "",
            "network_config": [
              {
                "additional_node_network_configs": [],
                "additional_pod_network_configs": [],
                "create_pod_range": false,
                "enable_private_nodes": false,
                "network_performance_config": [],
                "pod_cidr_overprovision_config": [],
                "pod_ipv4_cidr_block": "10.164.0.0/14",
                "pod_range": "gke-angga-suriana-gke-cluster-pods-b7fc855d"
              }
            ],
            "node_config": [
              {
                "advanced_machine_features": [],
                "boot_disk_kms_key": "",
                "confidential_nodes": [],
                "containerd_config": [],
                "disk_size_gb": 60,
                "disk_type": "pd-ssd",
                "effective_taints": [],
                "enable_confidential_storage": false,
                "ephemeral_storage_local_ssd_config": [],
                "fast_socket": [],
                "gcfs_config": [],
                "guest_accelerator": [],
                "gvnic": [],
                "host_maintenance_policy": [],
                "image_type": "COS_CONTAINERD",
                "kubelet_config": [
                  {
                    "allowed_unsafe_sysctls": [],
                    "container_log_max_files": 0,
                    "container_log_max_size": "",
                    "cpu_cfs_quota": false,
                    "cpu_cfs_quota_period": "",
                    "cpu_manager_policy": "",
                    "image_gc_high_threshold_percent": 0,
                    "image_gc_low_threshold_percent": 0,
                    "image_maximum_gc_age": "",
                    "image_minimum_gc_age": "",
                    "insecure_kubelet_readonly_port_enabled": "TRUE",
                    "pod_pids_limit": 0
                  }
                ],
                "labels": {},
                "linux_node_config": [],
                "local_nvme_ssd_block_config": [],
                "local_ssd_count": 0,
                "local_ssd_encryption_mode": "",
                "logging_variant": "DEFAULT",
                "machine_type": "e2-medium",
                "max_run_duration": "",
                "metadata": {
                  "disable-legacy-endpoints": "true"
                },
                "min_cpu_platform": "",
                "node_group": "",
                "oauth_scopes": [
                  "https://www.googleapis.com/auth/cloud-platform"
                ],
                "preemptible": false,
                "reservation_affinity": [],
                "resource_labels": {
                  "goog-gke-node-pool-provisioning-model": "on-demand"
                },
                "resource_manager_tags": null,
                "secondary_boot_disks": [],
                "service_account": "default",
                "shielded_instance_config": [
                  {
                    "enable_integrity_monitoring": true,
                    "enable_secure_boot": false
                  }
                ],
                "sole_tenant_config": [],
                "spot": false,
                "storage_pools": null,
                "tags": null,
                "taint": [],
                "workload_metadata_config": []
              }
            ],
            "node_count": 2,
            "node_locations": [
              "asia-southeast2-a"
            ],
            "operation": null,
            "placement_policy": [],
            "project": "cloudtest5-453217",
            "queued_provisioning": [],
            "timeouts": null,
            "upgrade_settings": [
              {
                "blue_green_settings": [],
                "max_surge": 1,
                "max_unavailable": 0,
                "strategy": "SURGE"
              }
            ],
            "version": "1.31.5-gke.1233000"
          },
          "sensitive_attributes": [],
          "private": "eyJlMmJmYjczMC1lY2FhLTExZTYtOGY4OC0zNDM2M2JjN2M0YzAiOnsiY3JlYXRlIjoxODAwMDAwMDAwMDAwLCJkZWxldGUiOjE4MDAwMDAwMDAwMDAsInVwZGF0ZSI6MTgwMDAwMDAwMDAwMH0sInNjaGVtYV92ZXJzaW9uIjoiMSJ9",
          "dependencies": [
            "google_compute_network.angga_suriana_vpc",
            "google_compute_subnetwork.angga_suriana_subnet",
            "google_container_cluster.angga_suriana_gke_cluster"
          ]
        }
      ]
    },
    {
      "mode": "managed",
      "type": "kubernetes_namespace",
      "name": "angga_suriana_namespace",
      "provider": "provider[\"registry.terraform.io/hashicorp/kubernetes\"]",
      "instances": [
        {
          "index_key": "airbyte",
          "schema_version": 0,
          "attributes": {
            "id": "airbyte",
            "metadata": [
              {
                "annotations": null,
                "generate_name": "",
                "generation": 0,
                "labels": null,
                "name": "airbyte",
                "resource_version": "5257",
                "uid": "58b8816b-a1db-476e-a357-18ada6b175da"
              }
            ],
            "timeouts": null,
            "wait_for_default_service_account": false
          },
          "sensitive_attributes": [],
          "private": "eyJlMmJmYjczMC1lY2FhLTExZTYtOGY4OC0zNDM2M2JjN2M0YzAiOnsiZGVsZXRlIjozMDAwMDAwMDAwMDB9fQ==",
          "dependencies": [
            "data.google_client_config.default",
            "google_compute_network.angga_suriana_vpc",
            "google_compute_subnetwork.angga_suriana_subnet",
            "google_container_cluster.angga_suriana_gke_cluster",
            "google_container_node_pool.angga_suriana_gke_node_pool"
          ]
        },
        {
          "index_key": "cert-manager",
          "schema_version": 0,
          "attributes": {
            "id": "cert-manager",
            "metadata": [
              {
                "annotations": null,
                "generate_name": "",
                "generation": 0,
                "labels": null,
                "name": "cert-manager",
                "resource_version": "5256",
                "uid": "5ec1c445-b727-4a44-8a42-19bfa165a046"
              }
            ],
            "timeouts": null,
            "wait_for_default_service_account": false
          },
          "sensitive_attributes": [],
          "private": "eyJlMmJmYjczMC1lY2FhLTExZTYtOGY4OC0zNDM2M2JjN2M0YzAiOnsiZGVsZXRlIjozMDAwMDAwMDAwMDB9fQ==",
          "dependencies": [
            "data.google_client_config.default",
            "google_compute_network.angga_suriana_vpc",
            "google_compute_subnetwork.angga_suriana_subnet",
            "google_container_cluster.angga_suriana_gke_cluster",
            "google_container_node_pool.angga_suriana_gke_node_pool"
          ]
        },
        {
          "index_key": "emissary",
          "schema_version": 0,
          "attributes": {
            "id": "emissary",
            "metadata": [
              {
                "annotations": null,
                "generate_name": "",
                "generation": 0,
                "labels": null,
                "name": "emissary",
                "resource_version": "5258",
                "uid": "f66b2c2b-0606-4ccb-9328-5efdd77bd98c"
              }
            ],
            "timeouts": null,
            "wait_for_default_service_account": false
          },
          "sensitive_attributes": [],
          "private": "eyJlMmJmYjczMC1lY2FhLTExZTYtOGY4OC0zNDM2M2JjN2M0YzAiOnsiZGVsZXRlIjozMDAwMDAwMDAwMDB9fQ==",
          "dependencies": [
            "data.google_client_config.default",
            "google_compute_network.angga_suriana_vpc",
            "google_compute_subnetwork.angga_suriana_subnet",
            "google_container_cluster.angga_suriana_gke_cluster",
            "google_container_node_pool.angga_suriana_gke_node_pool"
          ]
        }
      ]
    }
  ],
  "check_results": null
}
